
Microsoft Visual Studio Solution File, Format Version 12.00
# Visual Studio Version 17
VisualStudioVersion = 17.8.34316.72
MinimumVisualStudioVersion = 10.0.40219.1
Project("{FAE04EC0-301F-11D3-BF4B-00C04F79EFBC}") = "esercizi_CAsa", "esercizi_CAsa\esercizi_CAsa.csproj", "{87CF73D9-2B62-4F39-8FC9-430710589200}"
EndProject
Global
	GlobalSection(SolutionConfigurationPlatforms) = preSolution
		Debug|Any CPU = Debug|Any CPU
		Release|Any CPU = Release|Any CPU
	EndGlobalSection
	GlobalSection(ProjectConfigurationPlatforms) = postSolution
		{87CF73D9-2B62-4F39-8FC9-430710589200}.Debug|Any CPU.ActiveCfg = Debug|Any CPU
		{87CF73D9-2B62-4F39-8FC9-430710589200}.Debug|Any CPU.Build.0 = Debug|Any CPU
		{87CF73D9-2B62-4F39-8FC9-430710589200}.Release|Any CPU.ActiveCfg = Release|Any CPU
		{87CF73D9-2B62-4F39-8FC9-430710589200}.Release|Any CPU.Build.0 = Release|Any CPU
	EndGlobalSection
	GlobalSection(SolutionProperties) = preSolution
		HideSolutionNode = FALSE
	EndGlobalSection
	GlobalSection(ExtensibilityGlobals) = postSolution
		SolutionGuid = {12536407-723A-40F1-AB02-1A5813A06E20}
	EndGlobalSection
EndGlobal
